{
  "name": "static-sitemap-cli",
  "version": "0.1.0",
  "lockfileVersion": 1,
  "requires": true,
  "dependencies": {
    "@oclif/command": {
      "version": "1.5.18",
      "resolved": "https://registry.npmjs.org/@oclif/command/-/command-1.5.18.tgz",
      "integrity": "sha512-sfLb5UUCwyQ0w9LyQ1/3DUuD/RWnPZk6uvcK5P7pqD65WgRJaOPCqzuNZyb56kPsj6FftRp1UudApNKd7U0KBQ==",
      "requires": {
        "@oclif/config": "^1",
        "@oclif/errors": "^1.2.2",
        "@oclif/parser": "^3.8.3",
        "@oclif/plugin-help": "^2",
        "debug": "^4.1.1",
        "semver": "^5.6.0"
      }
    },
    "@oclif/config": {
      "version": "1.13.2",
      "resolved": "https://registry.npmjs.org/@oclif/config/-/config-1.13.2.tgz",
      "integrity": "sha512-RUOKeuAaopo3zrA5hcgE0PT2lbAUT72+eJdqTlWyI9sbPrGHZgUwV+vrL6Qal7ywWYDkL0vrKd1YS4yXtKIDKw==",
      "requires": {
        "@oclif/parser": "^3.8.0",
        "debug": "^4.1.1",
        "tslib": "^1.9.3"
      }
    },
    "@oclif/errors": {
      "version": "1.2.2",
      "resolved": "https://registry.npmjs.org/@oclif/errors/-/errors-1.2.2.tgz",
      "integrity": "sha512-Eq8BFuJUQcbAPVofDxwdE0bL14inIiwt5EaKRVY9ZDIG11jwdXZqiQEECJx0VfnLyUZdYfRd/znDI/MytdJoKg==",
      "requires": {
        "clean-stack": "^1.3.0",
        "fs-extra": "^7.0.0",
        "indent-string": "^3.2.0",
        "strip-ansi": "^5.0.0",
        "wrap-ansi": "^4.0.0"
      }
    },
    "@oclif/linewrap": {
      "version": "1.0.0",
      "resolved": "https://registry.npmjs.org/@oclif/linewrap/-/linewrap-1.0.0.tgz",
      "integrity": "sha512-Ups2dShK52xXa8w6iBWLgcjPJWjais6KPJQq3gQ/88AY6BXoTX+MIGFPrWQO1KLMiQfoTpcLnUwloN4brrVUHw=="
    },
    "@oclif/parser": {
      "version": "3.8.3",
      "resolved": "https://registry.npmjs.org/@oclif/parser/-/parser-3.8.3.tgz",
      "integrity": "sha512-zN+3oGuv9Lg8NjFvxZTDKFEmhAMfAvd/JWeQp3Ri8pDezoyJQi4OSHHLM8sdHjBh8sePewfWI7+fDUXdrVbrqg==",
      "requires": {
        "@oclif/linewrap": "^1.0.0",
        "chalk": "^2.4.2",
        "tslib": "^1.9.3"
      }
    },
    "@oclif/plugin-help": {
      "version": "2.2.0",
      "resolved": "https://registry.npmjs.org/@oclif/plugin-help/-/plugin-help-2.2.0.tgz",
      "integrity": "sha512-56iIgE7NQfwy/ZrWrvrEfJGb5rrMUt409yoQGw4feiU101UudA1btN1pbUbcKBr7vY9KFeqZZcftXEGxOp7zBg==",
      "requires": {
        "@oclif/command": "^1.5.13",
        "chalk": "^2.4.1",
        "indent-string": "^3.2.0",
        "lodash.template": "^4.4.0",
        "string-width": "^3.0.0",
        "strip-ansi": "^5.0.0",
        "widest-line": "^2.0.1",
        "wrap-ansi": "^4.0.0"
      },
      "dependencies": {
        "string-width": {
          "version": "3.1.0",
          "resolved": "https://registry.npmjs.org/string-width/-/string-width-3.1.0.tgz",
          "integrity": "sha512-vafcv6KjVZKSgz06oM/H6GDBrAtz8vdhQakGjFIvNrHA6y3HCF1CInLy+QLq8dTJPQ1b+KDUqDFctkdRW44e1w==",
          "requires": {
            "emoji-regex": "^7.0.1",
            "is-fullwidth-code-point": "^2.0.0",
            "strip-ansi": "^5.1.0"
          }
        }
      }
    },
    "ansi-regex": {
      "version": "4.1.0",
      "resolved": "https://registry.npmjs.org/ansi-regex/-/ansi-regex-4.1.0.tgz",
      "integrity": "sha512-1apePfXM1UOSqw0o9IiFAovVz9M5S1Dg+4TrDwfMewQ6p/rmMueb7tWZjQ1rx4Loy1ArBggoqGpfqqdI4rondg=="
    },
    "ansi-styles": {
      "version": "3.2.1",
      "resolved": "https://registry.npmjs.org/ansi-styles/-/ansi-styles-3.2.1.tgz",
      "integrity": "sha512-VT0ZI6kZRdTh8YyJw3SMbYm/u+NqfsAxEpWO0Pf9sq8/e94WxxOpPKx9FR1FlyCtOVDNOQ+8ntlqFxiRc+r5qA==",
      "requires": {
        "color-convert": "^1.9.0"
      }
    },
    "arr-diff": {
      "version": "4.0.0",
      "resolved": "https://registry.npmjs.org/arr-diff/-/arr-diff-4.0.0.tgz",
      "integrity": "sha1-1kYQdP6/7HHn4VI1dhoyml3HxSA="
    },
    "arr-union": {
      "version": "3.1.0",
      "resolved": "https://registry.npmjs.org/arr-union/-/arr-union-3.1.0.tgz",
      "integrity": "sha1-45sJrqne+Gao8gbiiK9jkZuuOcQ="
    },
    "array-unique": {
      "version": "0.3.2",
      "resolved": "https://registry.npmjs.org/array-unique/-/array-unique-0.3.2.tgz",
      "integrity": "sha1-qJS3XUvE9s1nnvMkSp/Y9Gri1Cg="
    },
    "assign-symbols": {
      "version": "1.0.0",
      "resolved": "https://registry.npmjs.org/assign-symbols/-/assign-symbols-1.0.0.tgz",
      "integrity": "sha1-WWZ/QfrdTyDMvCu5a41Pf3jsA2c="
    },
    "atob": {
      "version": "2.1.2",
      "resolved": "https://registry.npmjs.org/atob/-/atob-2.1.2.tgz",
      "integrity": "sha512-Wm6ukoaOGJi/73p/cl2GvLjTI5JM1k/O14isD73YML8StrH/7/lRFgmg8nICZgD3bZZvjwCGxtMOD3wWNAu8cg=="
    },
    "balanced-match": {
      "version": "1.0.0",
      "resolved": "https://registry.npmjs.org/balanced-match/-/balanced-match-1.0.0.tgz",
      "integrity": "sha1-ibTRmasr7kneFk6gK4nORi1xt2c="
    },
    "base": {
      "version": "0.11.2",
      "resolved": "https://registry.npmjs.org/base/-/base-0.11.2.tgz",
      "integrity": "sha512-5T6P4xPgpp0YDFvSWwEZ4NoE3aM4QBQXDzmVbraCkFj8zHM+mba8SyqB5DbZWyR7mYHo6Y7BdQo3MoA4m0TeQg==",
      "requires": {
        "cache-base": "^1.0.1",
        "class-utils": "^0.3.5",
        "component-emitter": "^1.2.1",
        "define-property": "^1.0.0",
        "isobject": "^3.0.1",
        "mixin-deep": "^1.2.0",
        "pascalcase": "^0.1.1"
      },
      "dependencies": {
        "define-property": {
          "version": "1.0.0",
          "resolved": "https://registry.npmjs.org/define-property/-/define-property-1.0.0.tgz",
          "integrity": "sha1-dp66rz9KY6rTr56NMEybvnm/sOY=",
          "requires": {
            "is-descriptor": "^1.0.0"
          }
        }
      }
    },
    "bluebird": {
      "version": "3.5.5",
      "resolved": "https://registry.npmjs.org/bluebird/-/bluebird-3.5.5.tgz",
      "integrity": "sha512-5am6HnnfN+urzt4yfg7IgTbotDjIT/u8AJpEt0sIU9FtXfVeezXAPKswrG+xKUCOYAINpSdgZVDU6QFh+cuH3w=="
    },
    "brace-expansion": {
      "version": "1.1.11",
      "resolved": "https://registry.npmjs.org/brace-expansion/-/brace-expansion-1.1.11.tgz",
      "integrity": "sha512-iCuPHDFgrHX7H2vEI/5xpz07zSHB00TpugqhmYtVmMO6518mCuRMoOYFldEBl0g187ufozdaHgWKcYFb61qGiA==",
      "requires": {
        "balanced-match": "^1.0.0",
        "concat-map": "0.0.1"
      }
    },
    "cache-base": {
      "version": "1.0.1",
      "resolved": "https://registry.npmjs.org/cache-base/-/cache-base-1.0.1.tgz",
      "integrity": "sha512-AKcdTnFSWATd5/GCPRxr2ChwIJ85CeyrEyjRHlKxQ56d4XJMGym0uAiKn0xbLOGOl3+yRpOTi484dVCEc5AUzQ==",
      "requires": {
        "collection-visit": "^1.0.0",
        "component-emitter": "^1.2.1",
        "get-value": "^2.0.6",
        "has-value": "^1.0.0",
        "isobject": "^3.0.1",
        "set-value": "^2.0.0",
        "to-object-path": "^0.3.0",
        "union-value": "^1.0.0",
        "unset-value": "^1.0.0"
      }
    },
    "chalk": {
      "version": "2.4.2",
      "resolved": "https://registry.npmjs.org/chalk/-/chalk-2.4.2.tgz",
      "integrity": "sha512-Mti+f9lpJNcwF4tWV8/OrTTtF1gZi+f8FqlyAdouralcFWFQWF2+NgCHShjkCb+IFBLq9buZwE1xckQU4peSuQ==",
      "requires": {
        "ansi-styles": "^3.2.1",
        "escape-string-regexp": "^1.0.5",
        "supports-color": "^5.3.0"
      }
    },
    "class-utils": {
      "version": "0.3.6",
      "resolved": "https://registry.npmjs.org/class-utils/-/class-utils-0.3.6.tgz",
      "integrity": "sha512-qOhPa/Fj7s6TY8H8esGu5QNpMMQxz79h+urzrNYN6mn+9BnxlDGf5QZ+XeCDsxSjPqsSR56XOZOJmpeurnLMeg==",
      "requires": {
        "arr-union": "^3.1.0",
        "define-property": "^0.2.5",
        "isobject": "^3.0.0",
        "static-extend": "^0.1.1"
      },
      "dependencies": {
        "define-property": {
          "version": "0.2.5",
          "resolved": "https://registry.npmjs.org/define-property/-/define-property-0.2.5.tgz",
          "integrity": "sha1-w1se+RjsPJkPmlvFe+BKrOxcgRY=",
          "requires": {
            "is-descriptor": "^0.1.0"
          }
        },
        "is-accessor-descriptor": {
          "version": "0.1.6",
          "resolved": "https://registry.npmjs.org/is-accessor-descriptor/-/is-accessor-descriptor-0.1.6.tgz",
          "integrity": "sha1-qeEss66Nh2cn7u84Q/igiXtcmNY=",
          "requires": {
            "kind-of": "^3.0.2"
          },
          "dependencies": {
            "kind-of": {
              "version": "3.2.2",
              "resolved": "https://registry.npmjs.org/kind-of/-/kind-of-3.2.2.tgz",
              "integrity": "sha1-MeohpzS6ubuw8yRm2JOupR5KPGQ=",
              "requires": {
                "is-buffer": "^1.1.5"
              }
            }
          }
        },
        "is-data-descriptor": {
          "version": "0.1.4",
          "resolved": "https://registry.npmjs.org/is-data-descriptor/-/is-data-descriptor-0.1.4.tgz",
          "integrity": "sha1-C17mSDiOLIYCgueT8YVv7D8wG1Y=",
          "requires": {
            "kind-of": "^3.0.2"
          },
          "dependencies": {
            "kind-of": {
              "version": "3.2.2",
              "resolved": "https://registry.npmjs.org/kind-of/-/kind-of-3.2.2.tgz",
              "integrity": "sha1-MeohpzS6ubuw8yRm2JOupR5KPGQ=",
              "requires": {
                "is-buffer": "^1.1.5"
              }
            }
          }
        },
        "is-descriptor": {
          "version": "0.1.6",
          "resolved": "https://registry.npmjs.org/is-descriptor/-/is-descriptor-0.1.6.tgz",
          "integrity": "sha512-avDYr0SB3DwO9zsMov0gKCESFYqCnE4hq/4z3TdUlukEy5t9C0YRq7HLrsN52NAcqXKaepeCD0n+B0arnVG3Hg==",
          "requires": {
            "is-accessor-descriptor": "^0.1.6",
            "is-data-descriptor": "^0.1.4",
            "kind-of": "^5.0.0"
          }
        },
        "kind-of": {
          "version": "5.1.0",
          "resolved": "https://registry.npmjs.org/kind-of/-/kind-of-5.1.0.tgz",
          "integrity": "sha512-NGEErnH6F2vUuXDh+OlbcKW7/wOcfdRHaZ7VWtqCztfHri/++YKmP51OdWeGPuqCOba6kk2OTe5d02VmTB80Pw=="
        }
      }
    },
    "clean-stack": {
      "version": "1.3.0",
      "resolved": "https://registry.npmjs.org/clean-stack/-/clean-stack-1.3.0.tgz",
      "integrity": "sha1-noIVAa6XmYbEax1m0tQy2y/UrjE="
    },
    "collection-visit": {
      "version": "1.0.0",
      "resolved": "https://registry.npmjs.org/collection-visit/-/collection-visit-1.0.0.tgz",
      "integrity": "sha1-S8A3PBZLwykbTTaMgpzxqApZ3KA=",
      "requires": {
        "map-visit": "^1.0.0",
        "object-visit": "^1.0.0"
      }
    },
    "color-convert": {
      "version": "1.9.3",
      "resolved": "https://registry.npmjs.org/color-convert/-/color-convert-1.9.3.tgz",
      "integrity": "sha512-QfAUtd+vFdAtFQcC8CCyYt1fYWxSqAiK2cSD6zDB8N3cpsEBAvRxp9zOGg6G/SHHJYAT88/az/IuDGALsNVbGg==",
      "requires": {
        "color-name": "1.1.3"
      }
    },
    "color-name": {
      "version": "1.1.3",
      "resolved": "https://registry.npmjs.org/color-name/-/color-name-1.1.3.tgz",
      "integrity": "sha1-p9BVi9icQveV3UIyj3QIMcpTvCU="
    },
    "component-emitter": {
      "version": "1.3.0",
      "resolved": "https://registry.npmjs.org/component-emitter/-/component-emitter-1.3.0.tgz",
      "integrity": "sha512-Rd3se6QB+sO1TwqZjscQrurpEPIfO0/yYnSin6Q/rD3mOutHvUrCAhJub3r90uNb+SESBuE0QYoB90YdfatsRg=="
    },
    "concat-map": {
      "version": "0.0.1",
      "resolved": "https://registry.npmjs.org/concat-map/-/concat-map-0.0.1.tgz",
      "integrity": "sha1-2Klr13/Wjfd5OnMDajug1UBdR3s="
    },
    "copy-descriptor": {
      "version": "0.1.1",
      "resolved": "https://registry.npmjs.org/copy-descriptor/-/copy-descriptor-0.1.1.tgz",
      "integrity": "sha1-Z29us8OZl8LuGsOpJP1hJHSPV40="
    },
    "debug": {
      "version": "4.1.1",
      "resolved": "https://registry.npmjs.org/debug/-/debug-4.1.1.tgz",
      "integrity": "sha512-pYAIzeRo8J6KPEaJ0VWOh5Pzkbw/RetuzehGM7QRRX5he4fPHx2rdKMB256ehJCkX+XRQm16eZLqLNS8RSZXZw==",
      "requires": {
        "ms": "^2.1.1"
      }
    },
    "decode-uri-component": {
      "version": "0.2.0",
      "resolved": "https://registry.npmjs.org/decode-uri-component/-/decode-uri-component-0.2.0.tgz",
      "integrity": "sha1-6zkTMzRYd1y4TNGh+uBiEGu4dUU="
    },
    "define-property": {
      "version": "2.0.2",
      "resolved": "https://registry.npmjs.org/define-property/-/define-property-2.0.2.tgz",
      "integrity": "sha512-jwK2UV4cnPpbcG7+VRARKTZPUWowwXA8bzH5NP6ud0oeAxyYPuGZUAC7hMugpCdz4BeSZl2Dl9k66CHJ/46ZYQ==",
      "requires": {
        "is-descriptor": "^1.0.2",
        "isobject": "^3.0.1"
      }
    },
    "emoji-regex": {
      "version": "7.0.3",
      "resolved": "https://registry.npmjs.org/emoji-regex/-/emoji-regex-7.0.3.tgz",
      "integrity": "sha512-CwBLREIQ7LvYFB0WyRvwhq5N5qPhc6PMjD6bYggFlI5YyDgl+0vxq5VHbMOFqLg7hfWzmu8T5Z1QofhmTIhItA=="
    },
    "err-code": {
      "version": "1.1.2",
      "resolved": "https://registry.npmjs.org/err-code/-/err-code-1.1.2.tgz",
      "integrity": "sha1-BuARbTAo9q70gGhJ6w6mp0iuaWA="
    },
    "escape-string-regexp": {
      "version": "1.0.5",
      "resolved": "https://registry.npmjs.org/escape-string-regexp/-/escape-string-regexp-1.0.5.tgz",
      "integrity": "sha1-G2HAViGQqN/2rjuyzwIAyhMLhtQ="
    },
    "extend": {
      "version": "3.0.2",
      "resolved": "https://registry.npmjs.org/extend/-/extend-3.0.2.tgz",
      "integrity": "sha512-fjquC59cD7CyW6urNXK0FBufkZcoiGG80wTuPujX590cB5Ttln20E2UB4S/WARVqhXffZl2LNgS+gQdPIIim/g=="
    },
    "extend-shallow": {
      "version": "3.0.2",
      "resolved": "https://registry.npmjs.org/extend-shallow/-/extend-shallow-3.0.2.tgz",
      "integrity": "sha1-Jqcarwc7OfshJxcnRhMcJwQCjbg=",
      "requires": {
        "assign-symbols": "^1.0.0",
        "is-extendable": "^1.0.1"
      }
    },
    "file-js": {
      "version": "0.3.0",
      "resolved": "https://registry.npmjs.org/file-js/-/file-js-0.3.0.tgz",
      "integrity": "sha1-+rRr94I0bJKUSZ8fDSrQfYOPJdE=",
      "requires": {
        "bluebird": "^3.4.7",
        "minimatch": "^3.0.3",
        "proper-lockfile": "^1.2.0"
      }
    },
    "filehound": {
      "version": "1.17.3",
      "resolved": "https://registry.npmjs.org/filehound/-/filehound-1.17.3.tgz",
      "integrity": "sha512-xBgV3RtLU8JDLaS77etzeEeJa+M3mfpMZV1YJgpUAXeZx4OdUYml9eCeT8DFFDR5XyqbSt/npdJRDcLm7zuJLg==",
      "requires": {
        "bluebird": "^3.5.1",
        "file-js": "0.3.0",
        "lodash": "^4.17.10",
        "minimatch": "^3.0.4",
        "moment": "^2.22.1",
        "unit-compare": "^1.0.1"
      }
    },
    "for-in": {
      "version": "1.0.2",
      "resolved": "https://registry.npmjs.org/for-in/-/for-in-1.0.2.tgz",
      "integrity": "sha1-gQaNKVqBQuwKxybG4iAMMPttXoA="
    },
    "fragment-cache": {
      "version": "0.2.1",
      "resolved": "https://registry.npmjs.org/fragment-cache/-/fragment-cache-0.2.1.tgz",
      "integrity": "sha1-QpD60n8T6Jvn8zeZxrxaCr//DRk=",
      "requires": {
        "map-cache": "^0.2.2"
      }
    },
    "fs-extra": {
      "version": "7.0.1",
      "resolved": "https://registry.npmjs.org/fs-extra/-/fs-extra-7.0.1.tgz",
      "integrity": "sha512-YJDaCJZEnBmcbw13fvdAM9AwNOJwOzrE4pqMqBq5nFiEqXUqHwlK4B+3pUw6JNvfSPtX05xFHtYy/1ni01eGCw==",
      "requires": {
        "graceful-fs": "^4.1.2",
        "jsonfile": "^4.0.0",
        "universalify": "^0.1.0"
      }
    },
    "get-value": {
      "version": "2.0.6",
      "resolved": "https://registry.npmjs.org/get-value/-/get-value-2.0.6.tgz",
      "integrity": "sha1-3BXKHGcjh8p2vTesCjlbogQqLCg="
    },
    "graceful-fs": {
      "version": "4.2.0",
      "resolved": "https://registry.npmjs.org/graceful-fs/-/graceful-fs-4.2.0.tgz",
      "integrity": "sha512-jpSvDPV4Cq/bgtpndIWbI5hmYxhQGHPC4d4cqBPb4DLniCfhJokdXhwhaDuLBGLQdvvRum/UiX6ECVIPvDXqdg=="
    },
    "has-flag": {
      "version": "3.0.0",
      "resolved": "https://registry.npmjs.org/has-flag/-/has-flag-3.0.0.tgz",
      "integrity": "sha1-tdRU3CGZriJWmfNGfloH87lVuv0="
    },
    "has-value": {
      "version": "1.0.0",
      "resolved": "https://registry.npmjs.org/has-value/-/has-value-1.0.0.tgz",
      "integrity": "sha1-GLKB2lhbHFxR3vJMkw7SmgvmsXc=",
      "requires": {
        "get-value": "^2.0.6",
        "has-values": "^1.0.0",
        "isobject": "^3.0.0"
      }
    },
    "has-values": {
      "version": "1.0.0",
      "resolved": "https://registry.npmjs.org/has-values/-/has-values-1.0.0.tgz",
      "integrity": "sha1-lbC2P+whRmGab+V/51Yo1aOe/k8=",
      "requires": {
        "is-number": "^3.0.0",
        "kind-of": "^4.0.0"
      },
      "dependencies": {
        "kind-of": {
          "version": "4.0.0",
          "resolved": "https://registry.npmjs.org/kind-of/-/kind-of-4.0.0.tgz",
          "integrity": "sha1-IIE989cSkosgc3hpGkUGb65y3Vc=",
          "requires": {
            "is-buffer": "^1.1.5"
          }
        }
      }
    },
    "indent-string": {
      "version": "3.2.0",
      "resolved": "https://registry.npmjs.org/indent-string/-/indent-string-3.2.0.tgz",
      "integrity": "sha1-Sl/W0nzDMvN+VBmlBNu4NxBckok="
    },
    "is-accessor-descriptor": {
      "version": "1.0.0",
      "resolved": "https://registry.npmjs.org/is-accessor-descriptor/-/is-accessor-descriptor-1.0.0.tgz",
      "integrity": "sha512-m5hnHTkcVsPfqx3AKlyttIPb7J+XykHvJP2B9bZDjlhLIoEq4XoK64Vg7boZlVWYK6LUY94dYPEE7Lh0ZkZKcQ==",
      "requires": {
        "kind-of": "^6.0.0"
      }
    },
    "is-buffer": {
      "version": "1.1.6",
      "resolved": "https://registry.npmjs.org/is-buffer/-/is-buffer-1.1.6.tgz",
      "integrity": "sha512-NcdALwpXkTm5Zvvbk7owOUSvVvBKDgKP5/ewfXEznmQFfs4ZRmanOeKBTjRVjka3QFoN6XJ+9F3USqfHqTaU5w=="
    },
    "is-data-descriptor": {
      "version": "1.0.0",
      "resolved": "https://registry.npmjs.org/is-data-descriptor/-/is-data-descriptor-1.0.0.tgz",
      "integrity": "sha512-jbRXy1FmtAoCjQkVmIVYwuuqDFUbaOeDjmed1tOGPrsMhtJA4rD9tkgA0F1qJ3gRFRXcHYVkdeaP50Q5rE/jLQ==",
      "requires": {
        "kind-of": "^6.0.0"
      }
    },
    "is-descriptor": {
      "version": "1.0.2",
      "resolved": "https://registry.npmjs.org/is-descriptor/-/is-descriptor-1.0.2.tgz",
      "integrity": "sha512-2eis5WqQGV7peooDyLmNEPUrps9+SXX5c9pL3xEB+4e9HnGuDa7mB7kHxHw4CbqS9k1T2hOH3miL8n8WtiYVtg==",
      "requires": {
        "is-accessor-descriptor": "^1.0.0",
        "is-data-descriptor": "^1.0.0",
        "kind-of": "^6.0.2"
      }
    },
    "is-extendable": {
      "version": "1.0.1",
      "resolved": "https://registry.npmjs.org/is-extendable/-/is-extendable-1.0.1.tgz",
      "integrity": "sha512-arnXMxT1hhoKo9k1LZdmlNyJdDDfy2v0fXjFlmok4+i8ul/6WlbVge9bhM74OpNPQPMGUToDtz+KXa1PneJxOA==",
      "requires": {
        "is-plain-object": "^2.0.4"
      }
    },
    "is-fullwidth-code-point": {
      "version": "2.0.0",
      "resolved": "https://registry.npmjs.org/is-fullwidth-code-point/-/is-fullwidth-code-point-2.0.0.tgz",
      "integrity": "sha1-o7MKXE8ZkYMWeqq5O+764937ZU8="
    },
    "is-number": {
      "version": "3.0.0",
      "resolved": "https://registry.npmjs.org/is-number/-/is-number-3.0.0.tgz",
      "integrity": "sha1-JP1iAaR4LPUFYcgQJ2r8fRLXEZU=",
      "requires": {
        "kind-of": "^3.0.2"
      },
      "dependencies": {
        "kind-of": {
          "version": "3.2.2",
          "resolved": "https://registry.npmjs.org/kind-of/-/kind-of-3.2.2.tgz",
          "integrity": "sha1-MeohpzS6ubuw8yRm2JOupR5KPGQ=",
          "requires": {
            "is-buffer": "^1.1.5"
          }
        }
      }
    },
    "is-plain-object": {
      "version": "2.0.4",
      "resolved": "https://registry.npmjs.org/is-plain-object/-/is-plain-object-2.0.4.tgz",
      "integrity": "sha512-h5PpgXkWitc38BBMYawTYMWJHFZJVnBquFE57xFpjB8pJFiF6gZ+bU+WyI/yqXiFR5mdLsgYNaPe8uao6Uv9Og==",
      "requires": {
        "isobject": "^3.0.1"
      }
    },
    "is-windows": {
      "version": "1.0.2",
      "resolved": "https://registry.npmjs.org/is-windows/-/is-windows-1.0.2.tgz",
      "integrity": "sha512-eXK1UInq2bPmjyX6e3VHIzMLobc4J94i4AWn+Hpq3OU5KkrRC96OAcR3PRJ/pGu6m8TRnBHP9dkXQVsT/COVIA=="
    },
    "isarray": {
      "version": "1.0.0",
      "resolved": "https://registry.npmjs.org/isarray/-/isarray-1.0.0.tgz",
      "integrity": "sha1-u5NdSFgsuhaMBoNJV6VKPgcSTxE="
    },
    "isobject": {
      "version": "3.0.1",
      "resolved": "https://registry.npmjs.org/isobject/-/isobject-3.0.1.tgz",
      "integrity": "sha1-TkMekrEalzFjaqH5yNHMvP2reN8="
    },
    "jsonfile": {
      "version": "4.0.0",
      "resolved": "https://registry.npmjs.org/jsonfile/-/jsonfile-4.0.0.tgz",
      "integrity": "sha1-h3Gq4HmbZAdrdmQPygWPnBDjPss=",
      "requires": {
        "graceful-fs": "^4.1.6"
      }
    },
    "kind-of": {
      "version": "6.0.2",
      "resolved": "https://registry.npmjs.org/kind-of/-/kind-of-6.0.2.tgz",
      "integrity": "sha512-s5kLOcnH0XqDO+FvuaLX8DDjZ18CGFk7VygH40QoKPUQhW4e2rvM0rwUq0t8IQDOwYSeLK01U90OjzBTme2QqA=="
    },
    "lodash": {
      "version": "4.17.15",
      "resolved": "https://registry.npmjs.org/lodash/-/lodash-4.17.15.tgz",
      "integrity": "sha512-8xOcRHvCjnocdS5cpwXQXVzmmh5e5+saE2QGoeQmbKmRS6J3VQppPOIt0MnmE+4xlZoumy0GPG0D0MVIQbNA1A=="
    },
    "lodash._reinterpolate": {
      "version": "3.0.0",
      "resolved": "https://registry.npmjs.org/lodash._reinterpolate/-/lodash._reinterpolate-3.0.0.tgz",
      "integrity": "sha1-DM8tiRZq8Ds2Y8eWU4t1rG4RTZ0="
    },
    "lodash.chunk": {
      "version": "4.2.0",
      "resolved": "https://registry.npmjs.org/lodash.chunk/-/lodash.chunk-4.2.0.tgz",
      "integrity": "sha1-ZuXOH3btJ7QwPYxlEujRIW6BBrw="
    },
    "lodash.padstart": {
      "version": "4.6.1",
      "resolved": "https://registry.npmjs.org/lodash.padstart/-/lodash.padstart-4.6.1.tgz",
      "integrity": "sha1-0uPuv/DZ05rVD1y9G1KnvOa7YRs="
    },
    "lodash.sortby": {
      "version": "4.7.0",
      "resolved": "https://registry.npmjs.org/lodash.sortby/-/lodash.sortby-4.7.0.tgz",
      "integrity": "sha1-7dFMgk4sycHgsKG0K7UhBRakJDg="
    },
    "lodash.template": {
      "version": "4.5.0",
      "resolved": "https://registry.npmjs.org/lodash.template/-/lodash.template-4.5.0.tgz",
      "integrity": "sha512-84vYFxIkmidUiFxidA/KjjH9pAycqW+h980j7Fuz5qxRtO9pgB7MDFTdys1N7A5mcucRiDyEq4fusljItR1T/A==",
      "requires": {
        "lodash._reinterpolate": "^3.0.0",
        "lodash.templatesettings": "^4.0.0"
      }
    },
    "lodash.templatesettings": {
      "version": "4.2.0",
      "resolved": "https://registry.npmjs.org/lodash.templatesettings/-/lodash.templatesettings-4.2.0.tgz",
      "integrity": "sha512-stgLz+i3Aa9mZgnjr/O+v9ruKZsPsndy7qPZOchbqk2cnTU1ZaldKK+v7m54WoKIyxiuMZTKT2H81F8BeAc3ZQ==",
      "requires": {
        "lodash._reinterpolate": "^3.0.0"
      }
    },
    "map-cache": {
      "version": "0.2.2",
      "resolved": "https://registry.npmjs.org/map-cache/-/map-cache-0.2.2.tgz",
      "integrity": "sha1-wyq9C9ZSXZsFFkW7TyasXcmKDb8="
    },
    "map-visit": {
      "version": "1.0.0",
      "resolved": "https://registry.npmjs.org/map-visit/-/map-visit-1.0.0.tgz",
      "integrity": "sha1-7Nyo8TFE5mDxtb1B8S80edmN+48=",
      "requires": {
        "object-visit": "^1.0.0"
      }
    },
    "minimatch": {
      "version": "3.0.4",
      "resolved": "https://registry.npmjs.org/minimatch/-/minimatch-3.0.4.tgz",
      "integrity": "sha512-yJHVQEhyqPLUTgt9B83PXu6W3rx4MvvHvSUvToogpwoGDOUQ+yDrR0HRot+yOCdCO7u4hX3pWft6kWBBcqh0UA==",
      "requires": {
        "brace-expansion": "^1.1.7"
      }
    },
    "mixin-deep": {
      "version": "1.3.2",
      "resolved": "https://registry.npmjs.org/mixin-deep/-/mixin-deep-1.3.2.tgz",
      "integrity": "sha512-WRoDn//mXBiJ1H40rqa3vH0toePwSsGb45iInWlTySa+Uu4k3tYUSxa2v1KqAiLtvlrSzaExqS1gtk96A9zvEA==",
      "requires": {
        "for-in": "^1.0.2",
        "is-extendable": "^1.0.1"
      }
    },
    "moment": {
      "version": "2.24.0",
      "resolved": "https://registry.npmjs.org/moment/-/moment-2.24.0.tgz",
      "integrity": "sha512-bV7f+6l2QigeBBZSM/6yTNq4P2fNpSWj/0e7jQcy87A8e7o2nAfP/34/2ky5Vw4B9S446EtIhodAzkFCcR4dQg=="
    },
    "ms": {
      "version": "2.1.2",
      "resolved": "https://registry.npmjs.org/ms/-/ms-2.1.2.tgz",
      "integrity": "sha512-sGkPx+VjMtmA6MX27oA4FBFELFCZZ4S4XqeGOXCv68tT+jb3vk/RyaKWP0PTKyWtmLSM0b+adUTEvbs1PEaH2w=="
    },
    "nanomatch": {
      "version": "1.2.13",
      "resolved": "https://registry.npmjs.org/nanomatch/-/nanomatch-1.2.13.tgz",
      "integrity": "sha512-fpoe2T0RbHwBTBUOftAfBPaDEi06ufaUai0mE6Yn1kacc3SnTErfb/h+X94VXzI64rKFHYImXSvdwGGCmwOqCA==",
      "requires": {
        "arr-diff": "^4.0.0",
        "array-unique": "^0.3.2",
        "define-property": "^2.0.2",
        "extend-shallow": "^3.0.2",
        "fragment-cache": "^0.2.1",
        "is-windows": "^1.0.2",
        "kind-of": "^6.0.2",
        "object.pick": "^1.3.0",
        "regex-not": "^1.0.0",
        "snapdragon": "^0.8.1",
        "to-regex": "^3.0.1"
      }
    },
    "object-copy": {
      "version": "0.1.0",
      "resolved": "https://registry.npmjs.org/object-copy/-/object-copy-0.1.0.tgz",
      "integrity": "sha1-fn2Fi3gb18mRpBupde04EnVOmYw=",
      "requires": {
        "copy-descriptor": "^0.1.0",
        "define-property": "^0.2.5",
        "kind-of": "^3.0.3"
      },
      "dependencies": {
        "define-property": {
          "version": "0.2.5",
          "resolved": "https://registry.npmjs.org/define-property/-/define-property-0.2.5.tgz",
          "integrity": "sha1-w1se+RjsPJkPmlvFe+BKrOxcgRY=",
          "requires": {
            "is-descriptor": "^0.1.0"
          }
        },
        "is-accessor-descriptor": {
          "version": "0.1.6",
          "resolved": "https://registry.npmjs.org/is-accessor-descriptor/-/is-accessor-descriptor-0.1.6.tgz",
          "integrity": "sha1-qeEss66Nh2cn7u84Q/igiXtcmNY=",
          "requires": {
            "kind-of": "^3.0.2"
          }
        },
        "is-data-descriptor": {
          "version": "0.1.4",
          "resolved": "https://registry.npmjs.org/is-data-descriptor/-/is-data-descriptor-0.1.4.tgz",
          "integrity": "sha1-C17mSDiOLIYCgueT8YVv7D8wG1Y=",
          "requires": {
            "kind-of": "^3.0.2"
          }
        },
        "is-descriptor": {
          "version": "0.1.6",
          "resolved": "https://registry.npmjs.org/is-descriptor/-/is-descriptor-0.1.6.tgz",
          "integrity": "sha512-avDYr0SB3DwO9zsMov0gKCESFYqCnE4hq/4z3TdUlukEy5t9C0YRq7HLrsN52NAcqXKaepeCD0n+B0arnVG3Hg==",
          "requires": {
            "is-accessor-descriptor": "^0.1.6",
            "is-data-descriptor": "^0.1.4",
            "kind-of": "^5.0.0"
          },
          "dependencies": {
            "kind-of": {
              "version": "5.1.0",
              "resolved": "https://registry.npmjs.org/kind-of/-/kind-of-5.1.0.tgz",
              "integrity": "sha512-NGEErnH6F2vUuXDh+OlbcKW7/wOcfdRHaZ7VWtqCztfHri/++YKmP51OdWeGPuqCOba6kk2OTe5d02VmTB80Pw=="
            }
          }
        },
        "kind-of": {
          "version": "3.2.2",
          "resolved": "https://registry.npmjs.org/kind-of/-/kind-of-3.2.2.tgz",
          "integrity": "sha1-MeohpzS6ubuw8yRm2JOupR5KPGQ=",
          "requires": {
            "is-buffer": "^1.1.5"
          }
        }
      }
    },
    "object-visit": {
      "version": "1.0.1",
      "resolved": "https://registry.npmjs.org/object-visit/-/object-visit-1.0.1.tgz",
      "integrity": "sha1-95xEk68MU3e1n+OdOV5BBC3QRbs=",
      "requires": {
        "isobject": "^3.0.0"
      }
    },
    "object.pick": {
      "version": "1.3.0",
      "resolved": "https://registry.npmjs.org/object.pick/-/object.pick-1.3.0.tgz",
      "integrity": "sha1-h6EKxMFpS9Lhy/U1kaZhQftd10c=",
      "requires": {
        "isobject": "^3.0.1"
      }
    },
    "pascalcase": {
      "version": "0.1.1",
      "resolved": "https://registry.npmjs.org/pascalcase/-/pascalcase-0.1.1.tgz",
      "integrity": "sha1-s2PlXoAGym/iF4TS2yK9FdeRfxQ="
    },
    "proper-lockfile": {
      "version": "1.2.0",
      "resolved": "https://registry.npmjs.org/proper-lockfile/-/proper-lockfile-1.2.0.tgz",
      "integrity": "sha1-zv9d2J0+XxD7deHo52vHWAGlnDQ=",
      "requires": {
        "err-code": "^1.0.0",
        "extend": "^3.0.0",
        "graceful-fs": "^4.1.2",
        "retry": "^0.10.0"
      }
    },
    "punycode": {
      "version": "2.1.1",
      "resolved": "https://registry.npmjs.org/punycode/-/punycode-2.1.1.tgz",
      "integrity": "sha512-XRsRjdf+j5ml+y/6GKHPZbrF/8p2Yga0JPtdqTIY2Xe5ohJPD9saDJJLPvp9+NSBprVvevdXZybnj2cv8OEd0A=="
    },
    "regex-not": {
      "version": "1.0.2",
      "resolved": "https://registry.npmjs.org/regex-not/-/regex-not-1.0.2.tgz",
      "integrity": "sha512-J6SDjUgDxQj5NusnOtdFxDwN/+HWykR8GELwctJ7mdqhcyy1xEc4SRFHUXvxTp661YaVKAjfRLZ9cCqS6tn32A==",
      "requires": {
        "extend-shallow": "^3.0.2",
        "safe-regex": "^1.1.0"
      }
    },
    "resolve-url": {
      "version": "0.2.1",
      "resolved": "https://registry.npmjs.org/resolve-url/-/resolve-url-0.2.1.tgz",
      "integrity": "sha1-LGN/53yJOv0qZj/iGqkIAGjiBSo="
    },
    "ret": {
      "version": "0.1.15",
      "resolved": "https://registry.npmjs.org/ret/-/ret-0.1.15.tgz",
      "integrity": "sha512-TTlYpa+OL+vMMNG24xSlQGEJ3B/RzEfUlLct7b5G/ytav+wPrplCpVMFuwzXbkecJrb6IYo1iFb0S9v37754mg=="
    },
    "retry": {
      "version": "0.10.1",
      "resolved": "https://registry.npmjs.org/retry/-/retry-0.10.1.tgz",
      "integrity": "sha1-52OI0heZLCUnUCQdPTlW/tmNj/Q="
    },
    "safe-regex": {
      "version": "1.1.0",
      "resolved": "https://registry.npmjs.org/safe-regex/-/safe-regex-1.1.0.tgz",
      "integrity": "sha1-QKNmnzsHfR6UPURinhV91IAjvy4=",
      "requires": {
        "ret": "~0.1.10"
      }
    },
    "semver": {
      "version": "5.7.0",
      "resolved": "https://registry.npmjs.org/semver/-/semver-5.7.0.tgz",
      "integrity": "sha512-Ya52jSX2u7QKghxeoFGpLwCtGlt7j0oY9DYb5apt9nPlJ42ID+ulTXESnt/qAQcoSERyZ5sl3LDIOw0nAn/5DA=="
    },
    "set-value": {
      "version": "2.0.1",
      "resolved": "https://registry.npmjs.org/set-value/-/set-value-2.0.1.tgz",
      "integrity": "sha512-JxHc1weCN68wRY0fhCoXpyK55m/XPHafOmK4UWD7m2CI14GMcFypt4w/0+NV5f/ZMby2F6S2wwA7fgynh9gWSw==",
      "requires": {
        "extend-shallow": "^2.0.1",
        "is-extendable": "^0.1.1",
        "is-plain-object": "^2.0.3",
        "split-string": "^3.0.1"
      },
      "dependencies": {
        "extend-shallow": {
          "version": "2.0.1",
          "resolved": "https://registry.npmjs.org/extend-shallow/-/extend-shallow-2.0.1.tgz",
          "integrity": "sha1-Ua99YUrZqfYQ6huvu5idaxxWiQ8=",
          "requires": {
            "is-extendable": "^0.1.0"
          }
        },
        "is-extendable": {
          "version": "0.1.1",
          "resolved": "https://registry.npmjs.org/is-extendable/-/is-extendable-0.1.1.tgz",
          "integrity": "sha1-YrEQ4omkcUGOPsNqYX1HLjAd/Ik="
        }
      }
    },
    "sitemap": {
      "version": "3.2.2",
      "resolved": "https://registry.npmjs.org/sitemap/-/sitemap-3.2.2.tgz",
      "integrity": "sha512-TModL/WU4m2q/mQcrDgNANn0P4LwprM9MMvG4hu5zP4c6IIKs2YLTu6nXXnNr8ODW/WFtxKggiJ1EGn2W0GNmg==",
      "requires": {
        "lodash.chunk": "^4.2.0",
        "lodash.padstart": "^4.6.1",
        "whatwg-url": "^7.0.0",
        "xmlbuilder": "^13.0.0"
      }
    },
    "snapdragon": {
      "version": "0.8.2",
      "resolved": "https://registry.npmjs.org/snapdragon/-/snapdragon-0.8.2.tgz",
      "integrity": "sha512-FtyOnWN/wCHTVXOMwvSv26d+ko5vWlIDD6zoUJ7LW8vh+ZBC8QdljveRP+crNrtBwioEUWy/4dMtbBjA4ioNlg==",
      "requires": {
        "base": "^0.11.1",
        "debug": "^2.2.0",
        "define-property": "^0.2.5",
        "extend-shallow": "^2.0.1",
        "map-cache": "^0.2.2",
        "source-map": "^0.5.6",
        "source-map-resolve": "^0.5.0",
        "use": "^3.1.0"
      },
      "dependencies": {
        "debug": {
          "version": "2.6.9",
          "resolved": "https://registry.npmjs.org/debug/-/debug-2.6.9.tgz",
          "integrity": "sha512-bC7ElrdJaJnPbAP+1EotYvqZsb3ecl5wi6Bfi6BJTUcNowp6cvspg0jXznRTKDjm/E7AdgFBVeAPVMNcKGsHMA==",
          "requires": {
            "ms": "2.0.0"
          }
        },
        "define-property": {
          "version": "0.2.5",
          "resolved": "https://registry.npmjs.org/define-property/-/define-property-0.2.5.tgz",
          "integrity": "sha1-w1se+RjsPJkPmlvFe+BKrOxcgRY=",
          "requires": {
            "is-descriptor": "^0.1.0"
          }
        },
        "extend-shallow": {
          "version": "2.0.1",
          "resolved": "https://registry.npmjs.org/extend-shallow/-/extend-shallow-2.0.1.tgz",
          "integrity": "sha1-Ua99YUrZqfYQ6huvu5idaxxWiQ8=",
          "requires": {
            "is-extendable": "^0.1.0"
          }
        },
        "is-accessor-descriptor": {
          "version": "0.1.6",
          "resolved": "https://registry.npmjs.org/is-accessor-descriptor/-/is-accessor-descriptor-0.1.6.tgz",
          "integrity": "sha1-qeEss66Nh2cn7u84Q/igiXtcmNY=",
          "requires": {
            "kind-of": "^3.0.2"
          },
          "dependencies": {
            "kind-of": {
              "version": "3.2.2",
              "resolved": "https://registry.npmjs.org/kind-of/-/kind-of-3.2.2.tgz",
              "integrity": "sha1-MeohpzS6ubuw8yRm2JOupR5KPGQ=",
              "requires": {
                "is-buffer": "^1.1.5"
              }
            }
          }
        },
        "is-data-descriptor": {
          "version": "0.1.4",
          "resolved": "https://registry.npmjs.org/is-data-descriptor/-/is-data-descriptor-0.1.4.tgz",
          "integrity": "sha1-C17mSDiOLIYCgueT8YVv7D8wG1Y=",
          "requires": {
            "kind-of": "^3.0.2"
          },
          "dependencies": {
            "kind-of": {
              "version": "3.2.2",
              "resolved": "https://registry.npmjs.org/kind-of/-/kind-of-3.2.2.tgz",
              "integrity": "sha1-MeohpzS6ubuw8yRm2JOupR5KPGQ=",
              "requires": {
                "is-buffer": "^1.1.5"
              }
            }
          }
        },
        "is-descriptor": {
          "version": "0.1.6",
          "resolved": "https://registry.npmjs.org/is-descriptor/-/is-descriptor-0.1.6.tgz",
          "integrity": "sha512-avDYr0SB3DwO9zsMov0gKCESFYqCnE4hq/4z3TdUlukEy5t9C0YRq7HLrsN52NAcqXKaepeCD0n+B0arnVG3Hg==",
          "requires": {
            "is-accessor-descriptor": "^0.1.6",
            "is-data-descriptor": "^0.1.4",
            "kind-of": "^5.0.0"
          }
        },
        "is-extendable": {
          "version": "0.1.1",
          "resolved": "https://registry.npmjs.org/is-extendable/-/is-extendable-0.1.1.tgz",
          "integrity": "sha1-YrEQ4omkcUGOPsNqYX1HLjAd/Ik="
        },
        "kind-of": {
          "version": "5.1.0",
          "resolved": "https://registry.npmjs.org/kind-of/-/kind-of-5.1.0.tgz",
          "integrity": "sha512-NGEErnH6F2vUuXDh+OlbcKW7/wOcfdRHaZ7VWtqCztfHri/++YKmP51OdWeGPuqCOba6kk2OTe5d02VmTB80Pw=="
        },
        "ms": {
          "version": "2.0.0",
          "resolved": "https://registry.npmjs.org/ms/-/ms-2.0.0.tgz",
          "integrity": "sha1-VgiurfwAvmwpAd9fmGF4jeDVl8g="
        }
      }
    },
    "source-map": {
      "version": "0.5.7",
      "resolved": "https://registry.npmjs.org/source-map/-/source-map-0.5.7.tgz",
      "integrity": "sha1-igOdLRAh0i0eoUyA2OpGi6LvP8w="
    },
    "source-map-resolve": {
      "version": "0.5.2",
      "resolved": "https://registry.npmjs.org/source-map-resolve/-/source-map-resolve-0.5.2.tgz",
      "integrity": "sha512-MjqsvNwyz1s0k81Goz/9vRBe9SZdB09Bdw+/zYyO+3CuPk6fouTaxscHkgtE8jKvf01kVfl8riHzERQ/kefaSA==",
      "requires": {
        "atob": "^2.1.1",
        "decode-uri-component": "^0.2.0",
        "resolve-url": "^0.2.1",
        "source-map-url": "^0.4.0",
        "urix": "^0.1.0"
      }
    },
    "source-map-url": {
      "version": "0.4.0",
      "resolved": "https://registry.npmjs.org/source-map-url/-/source-map-url-0.4.0.tgz",
      "integrity": "sha1-PpNdfd1zYxuXZZlW1VEo6HtQhKM="
    },
    "split-string": {
      "version": "3.1.0",
      "resolved": "https://registry.npmjs.org/split-string/-/split-string-3.1.0.tgz",
      "integrity": "sha512-NzNVhJDYpwceVVii8/Hu6DKfD2G+NrQHlS/V/qgv763EYudVwEcMQNxd2lh+0VrUByXN/oJkl5grOhYWvQUYiw==",
      "requires": {
        "extend-shallow": "^3.0.0"
      }
    },
    "static-extend": {
      "version": "0.1.2",
      "resolved": "https://registry.npmjs.org/static-extend/-/static-extend-0.1.2.tgz",
      "integrity": "sha1-YICcOcv/VTNyJv1eC1IPNB8ftcY=",
      "requires": {
        "define-property": "^0.2.5",
        "object-copy": "^0.1.0"
      },
      "dependencies": {
        "define-property": {
          "version": "0.2.5",
          "resolved": "https://registry.npmjs.org/define-property/-/define-property-0.2.5.tgz",
          "integrity": "sha1-w1se+RjsPJkPmlvFe+BKrOxcgRY=",
          "requires": {
            "is-descriptor": "^0.1.0"
          }
        },
        "is-accessor-descriptor": {
          "version": "0.1.6",
          "resolved": "https://registry.npmjs.org/is-accessor-descriptor/-/is-accessor-descriptor-0.1.6.tgz",
          "integrity": "sha1-qeEss66Nh2cn7u84Q/igiXtcmNY=",
          "requires": {
            "kind-of": "^3.0.2"
          },
          "dependencies": {
            "kind-of": {
              "version": "3.2.2",
              "resolved": "https://registry.npmjs.org/kind-of/-/kind-of-3.2.2.tgz",
              "integrity": "sha1-MeohpzS6ubuw8yRm2JOupR5KPGQ=",
              "requires": {
                "is-buffer": "^1.1.5"
              }
            }
          }
        },
        "is-data-descriptor": {
          "version": "0.1.4",
          "resolved": "https://registry.npmjs.org/is-data-descriptor/-/is-data-descriptor-0.1.4.tgz",
          "integrity": "sha1-C17mSDiOLIYCgueT8YVv7D8wG1Y=",
          "requires": {
            "kind-of": "^3.0.2"
          },
          "dependencies": {
            "kind-of": {
              "version": "3.2.2",
              "resolved": "https://registry.npmjs.org/kind-of/-/kind-of-3.2.2.tgz",
              "integrity": "sha1-MeohpzS6ubuw8yRm2JOupR5KPGQ=",
              "requires": {
                "is-buffer": "^1.1.5"
              }
            }
          }
        },
        "is-descriptor": {
          "version": "0.1.6",
          "resolved": "https://registry.npmjs.org/is-descriptor/-/is-descriptor-0.1.6.tgz",
          "integrity": "sha512-avDYr0SB3DwO9zsMov0gKCESFYqCnE4hq/4z3TdUlukEy5t9C0YRq7HLrsN52NAcqXKaepeCD0n+B0arnVG3Hg==",
          "requires": {
            "is-accessor-descriptor": "^0.1.6",
            "is-data-descriptor": "^0.1.4",
            "kind-of": "^5.0.0"
          }
        },
        "kind-of": {
          "version": "5.1.0",
          "resolved": "https://registry.npmjs.org/kind-of/-/kind-of-5.1.0.tgz",
          "integrity": "sha512-NGEErnH6F2vUuXDh+OlbcKW7/wOcfdRHaZ7VWtqCztfHri/++YKmP51OdWeGPuqCOba6kk2OTe5d02VmTB80Pw=="
        }
      }
    },
    "string-width": {
      "version": "2.1.1",
      "resolved": "https://registry.npmjs.org/string-width/-/string-width-2.1.1.tgz",
      "integrity": "sha512-nOqH59deCq9SRHlxq1Aw85Jnt4w6KvLKqWVik6oA9ZklXLNIOlqg4F2yrT1MVaTjAqvVwdfeZ7w7aCvJD7ugkw==",
      "requires": {
        "is-fullwidth-code-point": "^2.0.0",
        "strip-ansi": "^4.0.0"
      },
      "dependencies": {
        "ansi-regex": {
          "version": "3.0.0",
          "resolved": "https://registry.npmjs.org/ansi-regex/-/ansi-regex-3.0.0.tgz",
          "integrity": "sha1-7QMXwyIGT3lGbAKWa922Bas32Zg="
        },
        "strip-ansi": {
          "version": "4.0.0",
          "resolved": "https://registry.npmjs.org/strip-ansi/-/strip-ansi-4.0.0.tgz",
          "integrity": "sha1-qEeQIusaw2iocTibY1JixQXuNo8=",
          "requires": {
            "ansi-regex": "^3.0.0"
          }
        }
      }
    },
    "strip-ansi": {
      "version": "5.2.0",
      "resolved": "https://registry.npmjs.org/strip-ansi/-/strip-ansi-5.2.0.tgz",
      "integrity": "sha512-DuRs1gKbBqsMKIZlrffwlug8MHkcnpjs5VPmL1PAh+mA30U0DTotfDZ0d2UUsXpPmPmMMJ6W773MaA3J+lbiWA==",
      "requires": {
        "ansi-regex": "^4.1.0"
      }
    },
    "supports-color": {
      "version": "5.5.0",
      "resolved": "https://registry.npmjs.org/supports-color/-/supports-color-5.5.0.tgz",
      "integrity": "sha512-QjVjwdXIt408MIiAqCX4oUKsgU2EqAGzs2Ppkm4aQYbjm+ZEWEcW4SfFNTr4uMNZma0ey4f5lgLrkB0aX0QMow==",
      "requires": {
        "has-flag": "^3.0.0"
      }
    },
    "to-object-path": {
      "version": "0.3.0",
      "resolved": "https://registry.npmjs.org/to-object-path/-/to-object-path-0.3.0.tgz",
      "integrity": "sha1-KXWIt7Dn4KwI4E5nL4XB9JmeF68=",
      "requires": {
        "kind-of": "^3.0.2"
      },
      "dependencies": {
        "kind-of": {
          "version": "3.2.2",
          "resolved": "https://registry.npmjs.org/kind-of/-/kind-of-3.2.2.tgz",
          "integrity": "sha1-MeohpzS6ubuw8yRm2JOupR5KPGQ=",
          "requires": {
            "is-buffer": "^1.1.5"
          }
        }
      }
    },
    "to-regex": {
      "version": "3.0.2",
      "resolved": "https://registry.npmjs.org/to-regex/-/to-regex-3.0.2.tgz",
      "integrity": "sha512-FWtleNAtZ/Ki2qtqej2CXTOayOH9bHDQF+Q48VpWyDXjbYxA4Yz8iDB31zXOBUlOHHKidDbqGVrTUvQMPmBGBw==",
      "requires": {
        "define-property": "^2.0.2",
        "extend-shallow": "^3.0.2",
        "regex-not": "^1.0.2",
        "safe-regex": "^1.1.0"
      }
    },
    "tr46": {
      "version": "1.0.1",
      "resolved": "https://registry.npmjs.org/tr46/-/tr46-1.0.1.tgz",
      "integrity": "sha1-qLE/1r/SSJUZZ0zN5VujaTtwbQk=",
      "requires": {
        "punycode": "^2.1.0"
      }
    },
    "tslib": {
      "version": "1.10.0",
      "resolved": "https://registry.npmjs.org/tslib/-/tslib-1.10.0.tgz",
      "integrity": "sha512-qOebF53frne81cf0S9B41ByenJ3/IuH8yJKngAX35CmiZySA0khhkovshKK+jGCaMnVomla7gVlIcc3EvKPbTQ=="
    },
    "union-value": {
      "version": "1.0.1",
      "resolved": "https://registry.npmjs.org/union-value/-/union-value-1.0.1.tgz",
      "integrity": "sha512-tJfXmxMeWYnczCVs7XAEvIV7ieppALdyepWMkHkwciRpZraG/xwT+s2JN8+pr1+8jCRf80FFzvr+MpQeeoF4Xg==",
      "requires": {
        "arr-union": "^3.1.0",
        "get-value": "^2.0.6",
        "is-extendable": "^0.1.1",
        "set-value": "^2.0.1"
      },
      "dependencies": {
        "is-extendable": {
          "version": "0.1.1",
          "resolved": "https://registry.npmjs.org/is-extendable/-/is-extendable-0.1.1.tgz",
          "integrity": "sha1-YrEQ4omkcUGOPsNqYX1HLjAd/Ik="
        }
      }
    },
    "unit-compare": {
      "version": "1.0.1",
      "resolved": "https://registry.npmjs.org/unit-compare/-/unit-compare-1.0.1.tgz",
      "integrity": "sha1-DHRZ8OW/U2N+qHPKPO4Y3i7so4Y=",
      "requires": {
        "moment": "^2.14.1"
      }
    },
    "universalify": {
      "version": "0.1.2",
      "resolved": "https://registry.npmjs.org/universalify/-/universalify-0.1.2.tgz",
      "integrity": "sha512-rBJeI5CXAlmy1pV+617WB9J63U6XcazHHF2f2dbJix4XzpUF0RS3Zbj0FGIOCAva5P/d/GBOYaACQ1w+0azUkg=="
    },
    "unset-value": {
      "version": "1.0.0",
      "resolved": "https://registry.npmjs.org/unset-value/-/unset-value-1.0.0.tgz",
      "integrity": "sha1-g3aHP30jNRef+x5vw6jtDfyKtVk=",
      "requires": {
        "has-value": "^0.3.1",
        "isobject": "^3.0.0"
      },
      "dependencies": {
        "has-value": {
          "version": "0.3.1",
          "resolved": "https://registry.npmjs.org/has-value/-/has-value-0.3.1.tgz",
          "integrity": "sha1-ex9YutpiyoJ+wKIHgCVlSEWZXh8=",
          "requires": {
            "get-value": "^2.0.3",
            "has-values": "^0.1.4",
            "isobject": "^2.0.0"
          },
          "dependencies": {
            "isobject": {
              "version": "2.1.0",
              "resolved": "https://registry.npmjs.org/isobject/-/isobject-2.1.0.tgz",
              "integrity": "sha1-8GVWEJaj8dou9GJy+BXIQNh+DIk=",
              "requires": {
                "isarray": "1.0.0"
              }
            }
          }
        },
        "has-values": {
          "version": "0.1.4",
          "resolved": "https://registry.npmjs.org/has-values/-/has-values-0.1.4.tgz",
          "integrity": "sha1-bWHeldkd/Km5oCCJrThL/49it3E="
        }
      }
    },
    "urix": {
      "version": "0.1.0",
      "resolved": "https://registry.npmjs.org/urix/-/urix-0.1.0.tgz",
      "integrity": "sha1-2pN/emLiH+wf0Y1Js1wpNQZ6bHI="
    },
    "use": {
      "version": "3.1.1",
      "resolved": "https://registry.npmjs.org/use/-/use-3.1.1.tgz",
      "integrity": "sha512-cwESVXlO3url9YWlFW/TA9cshCEhtu7IKJ/p5soJ/gGpj7vbvFrAY/eIioQ6Dw23KjZhYgiIo8HOs1nQ2vr/oQ=="
    },
    "webidl-conversions": {
      "version": "4.0.2",
      "resolved": "https://registry.npmjs.org/webidl-conversions/-/webidl-conversions-4.0.2.tgz",
      "integrity": "sha512-YQ+BmxuTgd6UXZW3+ICGfyqRyHXVlD5GtQr5+qjiNW7bF0cqrzX500HVXPBOvgXb5YnzDd+h0zqyv61KUD7+Sg=="
    },
    "whatwg-url": {
      "version": "7.0.0",
      "resolved": "https://registry.npmjs.org/whatwg-url/-/whatwg-url-7.0.0.tgz",
      "integrity": "sha512-37GeVSIJ3kn1JgKyjiYNmSLP1yzbpb29jdmwBSgkD9h40/hyrR/OifpVUndji3tmwGgD8qpw7iQu3RSbCrBpsQ==",
      "requires": {
        "lodash.sortby": "^4.7.0",
        "tr46": "^1.0.1",
        "webidl-conversions": "^4.0.2"
      }
    },
    "widest-line": {
      "version": "2.0.1",
      "resolved": "https://registry.npmjs.org/widest-line/-/widest-line-2.0.1.tgz",
      "integrity": "sha512-Ba5m9/Fa4Xt9eb2ELXt77JxVDV8w7qQrH0zS/TWSJdLyAwQjWoOzpzj5lwVftDz6n/EOu3tNACS84v509qwnJA==",
      "requires": {
        "string-width": "^2.1.1"
      }
    },
    "wrap-ansi": {
      "version": "4.0.0",
      "resolved": "https://registry.npmjs.org/wrap-ansi/-/wrap-ansi-4.0.0.tgz",
      "integrity": "sha512-uMTsj9rDb0/7kk1PbcbCcwvHUxp60fGDB/NNXpVa0Q+ic/e7y5+BwTxKfQ33VYgDppSwi/FBzpetYzo8s6tfbg==",
      "requires": {
        "ansi-styles": "^3.2.0",
        "string-width": "^2.1.1",
        "strip-ansi": "^4.0.0"
      },
      "dependencies": {
        "ansi-regex": {
          "version": "3.0.0",
          "resolved": "https://registry.npmjs.org/ansi-regex/-/ansi-regex-3.0.0.tgz",
          "integrity": "sha1-7QMXwyIGT3lGbAKWa922Bas32Zg="
        },
        "strip-ansi": {
          "version": "4.0.0",
          "resolved": "https://registry.npmjs.org/strip-ansi/-/strip-ansi-4.0.0.tgz",
          "integrity": "sha1-qEeQIusaw2iocTibY1JixQXuNo8=",
          "requires": {
            "ansi-regex": "^3.0.0"
          }
        }
      }
    },
    "xmlbuilder": {
      "version": "13.0.2",
      "resolved": "https://registry.npmjs.org/xmlbuilder/-/xmlbuilder-13.0.2.tgz",
      "integrity": "sha512-Eux0i2QdDYKbdbA6AM6xE4m6ZTZr4G4xF9kahI2ukSEMCzwce2eX9WlTI5J3s+NU7hpasFsr8hWIONae7LluAQ=="
    }
  }
}
